{
  "name": "prescription-manager",
  "version": "1.0.0",
  "lockfileVersion": 1,
  "requires": true,
  "dependencies": {
    "@mdi/font": {
      "version": "5.8.55",
      "resolved": "https://registry.npmjs.org/@mdi/font/-/font-5.8.55.tgz",
      "integrity": "sha512-8mrwfFBsmj+D67ZiGQSe5TU/lcWCtDyli2eshQ2fvLCZGRPqFMM23YQp4+JMOTpk5yMZKTeAwNWIYfITy76OHA=="
    },
    "animate.css": {
      "version": "4.1.1",
      "resolved": "https://registry.npmjs.org/animate.css/-/animate.css-4.1.1.tgz",
      "integrity": "sha512-+mRmCTv6SbCmtYJCN4faJMNFVNN5EuCTTprDTAo7YzIGji2KADmakjVA3+8mVDkZ2Bf09vayB35lSQIex2+QaQ=="
    },
    "bootstrap": {
      "version": "4.5.3",
      "resolved": "https://registry.npmjs.org/bootstrap/-/bootstrap-4.5.3.tgz",
      "integrity": "sha512-o9ppKQioXGqhw8Z7mah6KdTYpNQY//tipnkxppWhPbiSWdD+1raYsnhwEZjkTHYbGee4cVQ0Rx65EhOY/HNLcQ=="
    },
    "bootstrap-datepicker": {
      "version": "1.9.0",
      "resolved": "https://registry.npmjs.org/bootstrap-datepicker/-/bootstrap-datepicker-1.9.0.tgz",
      "integrity": "sha512-9rYYbaVOheGYxjOr/+bJCmRPihfy+LkLSg4fIFMT9Od8WwWB/MB50w0JO1eBgKUMbb7PFHQD5uAfI3ArAxZRXA==",
      "requires": {
        "jquery": ">=1.7.1 <4.0.0"
      }
    },
    "jquery": {
      "version": "3.5.1",
      "resolved": "https://registry.npmjs.org/jquery/-/jquery-3.5.1.tgz",
      "integrity": "sha512-XwIBPqcMn57FxfT+Go5pzySnm4KWkT1Tv7gjrpT1srtf8Weynl6R273VJ5GjkRb51IzMp5nbaPjJXMWeju2MKg=="
    },
    "popper.js": {
      "version": "1.16.1",
      "resolved": "https://registry.npmjs.org/popper.js/-/popper.js-1.16.1.tgz",
      "integrity": "sha512-Wb4p1J4zyFTbM+u6WuO4XstYx4Ky9Cewe4DWrel7B0w6VVICvPwdOpotjzcf6eD8TsckVnIMNONQyPIUFOUbCQ=="
    },
    "pretty-checkbox": {
      "version": "3.0.3",
      "resolved": "https://registry.npmjs.org/pretty-checkbox/-/pretty-checkbox-3.0.3.tgz",
      "integrity": "sha1-1JyAE6j8CO4MLW695FNGS/28Qo4="
    },
    "zxcvbn": {
      "version": "4.4.2",
      "resolved": "https://registry.npmjs.org/zxcvbn/-/zxcvbn-4.4.2.tgz",
      "integrity": "sha1-KOwXzwl0PtyrBW3dixsGJizHPDA="
    }
  }
}
